
Microsoft Visual Studio Solution File, Format Version 12.00
# Visual Studio Version 17
VisualStudioVersion = 17.5.33530.505
MinimumVisualStudioVersion = 10.0.40219.1
Project("{FAE04EC0-301F-11D3-BF4B-00C04F79EFBC}") = "XyConstruction", "XyConstruction\XyConstruction.csproj", "{5BB77026-17F8-4290-A408-99E2CB17510B}"
EndProject
Project("{2150E333-8FDC-42A3-9474-1A3956D46DE8}") = "DevExtreme NuGet.config", "DevExtreme NuGet.config", "{D09AA7C0-8C6A-4E73-9D38-4ABD57A50C16}"
	ProjectSection(SolutionItems) = preProject
		NuGet.config = NuGet.config
	EndProjectSection
EndProject
Global
	GlobalSection(SolutionConfigurationPlatforms) = preSolution
		Debug|Any CPU = Debug|Any CPU
		Release|Any CPU = Release|Any CPU
	EndGlobalSection
	GlobalSection(ProjectConfigurationPlatforms) = postSolution
		{5BB77026-17F8-4290-A408-99E2CB17510B}.Debug|Any CPU.ActiveCfg = Debug|Any CPU
		{5BB77026-17F8-4290-A408-99E2CB17510B}.Debug|Any CPU.Build.0 = Debug|Any CPU
		{5BB77026-17F8-4290-A408-99E2CB17510B}.Release|Any CPU.ActiveCfg = Release|Any CPU
		{5BB77026-17F8-4290-A408-99E2CB17510B}.Release|Any CPU.Build.0 = Release|Any CPU
	EndGlobalSection
	GlobalSection(SolutionProperties) = preSolution
		HideSolutionNode = FALSE
	EndGlobalSection
	GlobalSection(ExtensibilityGlobals) = postSolution
		SolutionGuid = {4CC2F6C1-CA98-49AE-BF53-8551334ACF02}
	EndGlobalSection
EndGlobal
